
Microsoft Visual Studio Solution File, Format Version 12.00
# Visual Studio 2012
Project("{F2A71F9B-5D33-465A-A702-920D77279786}") = "FScheme", "FScheme\FScheme.fsproj", "{4E7387E6-29C8-4505-A947-7322976EA057}"
EndProject
Global
	GlobalSection(SolutionConfigurationPlatforms) = preSolution
		Debug|Any CPU = Debug|Any CPU
		Release|Any CPU = Release|Any CPU
	EndGlobalSection
	GlobalSection(ProjectConfigurationPlatforms) = postSolution
		{4E7387E6-29C8-4505-A947-7322976EA057}.Debug|Any CPU.ActiveCfg = Debug|Any CPU
		{4E7387E6-29C8-4505-A947-7322976EA057}.Debug|Any CPU.Build.0 = Debug|Any CPU
		{4E7387E6-29C8-4505-A947-7322976EA057}.Release|Any CPU.ActiveCfg = Release|Any CPU
		{4E7387E6-29C8-4505-A947-7322976EA057}.Release|Any CPU.Build.0 = Release|Any CPU
	EndGlobalSection
	GlobalSection(SolutionProperties) = preSolution
		HideSolutionNode = FALSE
	EndGlobalSection
EndGlobal
